# THIS IS AN AUTOGENERATED FILE. DO NOT EDIT THIS FILE DIRECTLY.
# yarn lockfile v1


"@rails/request.js@^0.0.9":
  version "0.0.9"
  resolved "https://registry.yarnpkg.com/@rails/request.js/-/request.js-0.0.9.tgz#89e2a575405dc07eb8a9b3d2fe04289e1f057cd0"
  integrity sha512-VleYUyrA3rwKMvYnz7MI9Ada85Vekjb/WVz7NuGgDO24Y3Zy9FFSpDMQW+ea/tlftD+CdX/W/sUosRA9/HkDOQ==

sortablejs@^1.15.1:
  version "1.15.1"
  resolved "https://registry.yarnpkg.com/sortablejs/-/sortablejs-1.15.1.tgz#9a35f52cdff449fb42ea8ecf222f3468d76e0a47"
  integrity sha512-P5Cjvb0UG1ZVNiDPj/n4V+DinttXG6K8n7vM/HQf0C25K3YKQTQY6fsr/sEGsJGpQ9exmPxluHxKBc0mLKU1lQ==

stimulus-sortable@^4.1.1:
  version "4.1.1"
  resolved "https://registry.yarnpkg.com/stimulus-sortable/-/stimulus-sortable-4.1.1.tgz#aa34e0f1ac53112cf568bc46e6b20acbf603c521"
  integrity sha512-UDpgzIIklvBL+X+KB4GuTQOnIvK3k2Zocwm946myA48xBS1vMPomkUhNLEAXpg1PWYDaQ3pyaS0mbKo2mLrTbQ==
